
Microsoft Visual Studio Solution File, Format Version 12.00
# Visual Studio 2013
VisualStudioVersion = 12.0.21005.1
MinimumVisualStudioVersion = 10.0.40219.1
Project("{8BC9CEB8-8B4A-11D0-8D11-00A0C91BC942}") = "数组奇数在前偶数在后", "数组奇数在前偶数在后\数组奇数在前偶数在后.vcxproj", "{AAA9BFFC-A82B-4A12-A619-CFE96FE2BB9B}"
EndProject
Global
	GlobalSection(SolutionConfigurationPlatforms) = preSolution
		Debug|Win32 = Debug|Win32
		Release|Win32 = Release|Win32
	EndGlobalSection
	GlobalSection(ProjectConfigurationPlatforms) = postSolution
		{AAA9BFFC-A82B-4A12-A619-CFE96FE2BB9B}.Debug|Win32.ActiveCfg = Debug|Win32
		{AAA9BFFC-A82B-4A12-A619-CFE96FE2BB9B}.Debug|Win32.Build.0 = Debug|Win32
		{AAA9BFFC-A82B-4A12-A619-CFE96FE2BB9B}.Release|Win32.ActiveCfg = Release|Win32
		{AAA9BFFC-A82B-4A12-A619-CFE96FE2BB9B}.Release|Win32.Build.0 = Release|Win32
	EndGlobalSection
	GlobalSection(SolutionProperties) = preSolution
		HideSolutionNode = FALSE
	EndGlobalSection
EndGlobal
