
Microsoft Visual Studio Solution File, Format Version 12.00
# Visual Studio 2013
VisualStudioVersion = 12.0.21005.1
MinimumVisualStudioVersion = 10.0.40219.1
Project("{8BC9CEB8-8B4A-11D0-8D11-00A0C91BC942}") = "牛客网--复杂链表复制", "牛客网--复杂链表复制\牛客网--复杂链表复制.vcxproj", "{26D7A7FF-417F-4267-A1D6-849013B54D15}"
EndProject
Global
	GlobalSection(SolutionConfigurationPlatforms) = preSolution
		Debug|Win32 = Debug|Win32
		Release|Win32 = Release|Win32
	EndGlobalSection
	GlobalSection(ProjectConfigurationPlatforms) = postSolution
		{26D7A7FF-417F-4267-A1D6-849013B54D15}.Debug|Win32.ActiveCfg = Debug|Win32
		{26D7A7FF-417F-4267-A1D6-849013B54D15}.Debug|Win32.Build.0 = Debug|Win32
		{26D7A7FF-417F-4267-A1D6-849013B54D15}.Release|Win32.ActiveCfg = Release|Win32
		{26D7A7FF-417F-4267-A1D6-849013B54D15}.Release|Win32.Build.0 = Release|Win32
	EndGlobalSection
	GlobalSection(SolutionProperties) = preSolution
		HideSolutionNode = FALSE
	EndGlobalSection
EndGlobal
