
Microsoft Visual Studio Solution File, Format Version 12.00
# Visual Studio 2013
VisualStudioVersion = 12.0.21005.1
MinimumVisualStudioVersion = 10.0.40219.1
Project("{8BC9CEB8-8B4A-11D0-8D11-00A0C91BC942}") = "递归实现斐波那契数", "递归实现斐波那契数\递归实现斐波那契数.vcxproj", "{36B321AA-A029-4656-8C88-92019A4B0F05}"
EndProject
Global
	GlobalSection(SolutionConfigurationPlatforms) = preSolution
		Debug|Win32 = Debug|Win32
		Release|Win32 = Release|Win32
	EndGlobalSection
	GlobalSection(ProjectConfigurationPlatforms) = postSolution
		{36B321AA-A029-4656-8C88-92019A4B0F05}.Debug|Win32.ActiveCfg = Debug|Win32
		{36B321AA-A029-4656-8C88-92019A4B0F05}.Debug|Win32.Build.0 = Debug|Win32
		{36B321AA-A029-4656-8C88-92019A4B0F05}.Release|Win32.ActiveCfg = Release|Win32
		{36B321AA-A029-4656-8C88-92019A4B0F05}.Release|Win32.Build.0 = Release|Win32
	EndGlobalSection
	GlobalSection(SolutionProperties) = preSolution
		HideSolutionNode = FALSE
	EndGlobalSection
EndGlobal
