
Microsoft Visual Studio Solution File, Format Version 12.00
# Visual Studio 2013
VisualStudioVersion = 12.0.21005.1
MinimumVisualStudioVersion = 10.0.40219.1
Project("{8BC9CEB8-8B4A-11D0-8D11-00A0C91BC942}") = "Vector", "Vector\Vector.vcxproj", "{24579AC0-69B9-496E-8CB2-943890DF7157}"
EndProject
Global
	GlobalSection(SolutionConfigurationPlatforms) = preSolution
		Debug|Win32 = Debug|Win32
		Release|Win32 = Release|Win32
	EndGlobalSection
	GlobalSection(ProjectConfigurationPlatforms) = postSolution
		{24579AC0-69B9-496E-8CB2-943890DF7157}.Debug|Win32.ActiveCfg = Debug|Win32
		{24579AC0-69B9-496E-8CB2-943890DF7157}.Debug|Win32.Build.0 = Debug|Win32
		{24579AC0-69B9-496E-8CB2-943890DF7157}.Release|Win32.ActiveCfg = Release|Win32
		{24579AC0-69B9-496E-8CB2-943890DF7157}.Release|Win32.Build.0 = Release|Win32
	EndGlobalSection
	GlobalSection(SolutionProperties) = preSolution
		HideSolutionNode = FALSE
	EndGlobalSection
EndGlobal
