
Microsoft Visual Studio Solution File, Format Version 12.00
# Visual Studio 2013
VisualStudioVersion = 12.0.21005.1
MinimumVisualStudioVersion = 10.0.40219.1
Project("{8BC9CEB8-8B4A-11D0-8D11-00A0C91BC942}") = "qsort函数排序", "qsort函数排序\qsort函数排序.vcxproj", "{B18CC0CE-05B7-4D97-990D-7FDF0F21C1B7}"
EndProject
Global
	GlobalSection(SolutionConfigurationPlatforms) = preSolution
		Debug|Win32 = Debug|Win32
		Release|Win32 = Release|Win32
	EndGlobalSection
	GlobalSection(ProjectConfigurationPlatforms) = postSolution
		{B18CC0CE-05B7-4D97-990D-7FDF0F21C1B7}.Debug|Win32.ActiveCfg = Debug|Win32
		{B18CC0CE-05B7-4D97-990D-7FDF0F21C1B7}.Debug|Win32.Build.0 = Debug|Win32
		{B18CC0CE-05B7-4D97-990D-7FDF0F21C1B7}.Release|Win32.ActiveCfg = Release|Win32
		{B18CC0CE-05B7-4D97-990D-7FDF0F21C1B7}.Release|Win32.Build.0 = Release|Win32
	EndGlobalSection
	GlobalSection(SolutionProperties) = preSolution
		HideSolutionNode = FALSE
	EndGlobalSection
EndGlobal
