
Microsoft Visual Studio Solution File, Format Version 12.00
# Visual Studio 2013
VisualStudioVersion = 12.0.21005.1
MinimumVisualStudioVersion = 10.0.40219.1
Project("{8BC9CEB8-8B4A-11D0-8D11-00A0C91BC942}") = "剑指offer--二叉树是否是对称的", "剑指offer--二叉树是否是对称的\剑指offer--二叉树是否是对称的.vcxproj", "{CEC330F8-C149-4D78-A881-7C9C4820826F}"
EndProject
Global
	GlobalSection(SolutionConfigurationPlatforms) = preSolution
		Debug|Win32 = Debug|Win32
		Release|Win32 = Release|Win32
	EndGlobalSection
	GlobalSection(ProjectConfigurationPlatforms) = postSolution
		{CEC330F8-C149-4D78-A881-7C9C4820826F}.Debug|Win32.ActiveCfg = Debug|Win32
		{CEC330F8-C149-4D78-A881-7C9C4820826F}.Debug|Win32.Build.0 = Debug|Win32
		{CEC330F8-C149-4D78-A881-7C9C4820826F}.Release|Win32.ActiveCfg = Release|Win32
		{CEC330F8-C149-4D78-A881-7C9C4820826F}.Release|Win32.Build.0 = Release|Win32
	EndGlobalSection
	GlobalSection(SolutionProperties) = preSolution
		HideSolutionNode = FALSE
	EndGlobalSection
EndGlobal
